
Microsoft Visual Studio Solution File, Format Version 12.00
# Visual Studio Version 16
VisualStudioVersion = 16.0.809.9
MinimumVisualStudioVersion = 10.0.40219.1
Project("{F2A71F9B-5D33-465A-A702-920D77279786}") = "SplitInHalf", "SplitInHalf\SplitInHalf.fsproj", "{903EA9C3-2822-408F-ABDC-34B20BFC4A74}"
EndProject
Global
	GlobalSection(SolutionConfigurationPlatforms) = preSolution
		Debug|Any CPU = Debug|Any CPU
		Release|Any CPU = Release|Any CPU
	EndGlobalSection
	GlobalSection(ProjectConfigurationPlatforms) = postSolution
		{903EA9C3-2822-408F-ABDC-34B20BFC4A74}.Debug|Any CPU.ActiveCfg = Debug|Any CPU
		{903EA9C3-2822-408F-ABDC-34B20BFC4A74}.Debug|Any CPU.Build.0 = Debug|Any CPU
		{903EA9C3-2822-408F-ABDC-34B20BFC4A74}.Release|Any CPU.ActiveCfg = Release|Any CPU
		{903EA9C3-2822-408F-ABDC-34B20BFC4A74}.Release|Any CPU.Build.0 = Release|Any CPU
	EndGlobalSection
	GlobalSection(SolutionProperties) = preSolution
		HideSolutionNode = FALSE
	EndGlobalSection
	GlobalSection(ExtensibilityGlobals) = postSolution
		SolutionGuid = {BCE2F621-72A2-4CAB-9505-5311654BD399}
	EndGlobalSection
EndGlobal
