
Microsoft Visual Studio Solution File, Format Version 12.00
# Visual Studio Version 16
VisualStudioVersion = 16.0.809.9
MinimumVisualStudioVersion = 10.0.40219.1
Project("{F2A71F9B-5D33-465A-A702-920D77279786}") = "SortAB", "SortAB\SortAB.fsproj", "{1E1B8981-C1B3-49F9-9460-F44FBB375FDC}"
EndProject
Global
	GlobalSection(SolutionConfigurationPlatforms) = preSolution
		Debug|Any CPU = Debug|Any CPU
		Release|Any CPU = Release|Any CPU
	EndGlobalSection
	GlobalSection(ProjectConfigurationPlatforms) = postSolution
		{1E1B8981-C1B3-49F9-9460-F44FBB375FDC}.Debug|Any CPU.ActiveCfg = Debug|Any CPU
		{1E1B8981-C1B3-49F9-9460-F44FBB375FDC}.Debug|Any CPU.Build.0 = Debug|Any CPU
		{1E1B8981-C1B3-49F9-9460-F44FBB375FDC}.Release|Any CPU.ActiveCfg = Release|Any CPU
		{1E1B8981-C1B3-49F9-9460-F44FBB375FDC}.Release|Any CPU.Build.0 = Release|Any CPU
	EndGlobalSection
	GlobalSection(SolutionProperties) = preSolution
		HideSolutionNode = FALSE
	EndGlobalSection
	GlobalSection(ExtensibilityGlobals) = postSolution
		SolutionGuid = {63423BE2-DEF1-43B7-8C41-DC16D846036A}
	EndGlobalSection
EndGlobal
