
Microsoft Visual Studio Solution File, Format Version 12.00
# Visual Studio Version 16
VisualStudioVersion = 16.0.809.9
MinimumVisualStudioVersion = 10.0.40219.1
Project("{F2A71F9B-5D33-465A-A702-920D77279786}") = "CalculatorTwo", "CalculatorTwo\CalculatorTwo.fsproj", "{E3972FC7-F31B-47AC-9208-7E128D45F97D}"
EndProject
Global
	GlobalSection(SolutionConfigurationPlatforms) = preSolution
		Debug|Any CPU = Debug|Any CPU
		Release|Any CPU = Release|Any CPU
	EndGlobalSection
	GlobalSection(ProjectConfigurationPlatforms) = postSolution
		{E3972FC7-F31B-47AC-9208-7E128D45F97D}.Debug|Any CPU.ActiveCfg = Debug|Any CPU
		{E3972FC7-F31B-47AC-9208-7E128D45F97D}.Debug|Any CPU.Build.0 = Debug|Any CPU
		{E3972FC7-F31B-47AC-9208-7E128D45F97D}.Release|Any CPU.ActiveCfg = Release|Any CPU
		{E3972FC7-F31B-47AC-9208-7E128D45F97D}.Release|Any CPU.Build.0 = Release|Any CPU
	EndGlobalSection
	GlobalSection(SolutionProperties) = preSolution
		HideSolutionNode = FALSE
	EndGlobalSection
	GlobalSection(ExtensibilityGlobals) = postSolution
		SolutionGuid = {EF786415-28F8-4024-96E6-C1E035DDF566}
	EndGlobalSection
EndGlobal
