
Microsoft Visual Studio Solution File, Format Version 12.00
# Visual Studio Version 16
VisualStudioVersion = 16.0.809.9
MinimumVisualStudioVersion = 10.0.40219.1
Project("{F2A71F9B-5D33-465A-A702-920D77279786}") = "Console1", "Console1\Console1.fsproj", "{1D2C0EB9-A9E5-44B4-BFEF-79F362525476}"
EndProject
Global
	GlobalSection(SolutionConfigurationPlatforms) = preSolution
		Debug|Any CPU = Debug|Any CPU
		Release|Any CPU = Release|Any CPU
	EndGlobalSection
	GlobalSection(ProjectConfigurationPlatforms) = postSolution
		{1D2C0EB9-A9E5-44B4-BFEF-79F362525476}.Debug|Any CPU.ActiveCfg = Debug|Any CPU
		{1D2C0EB9-A9E5-44B4-BFEF-79F362525476}.Debug|Any CPU.Build.0 = Debug|Any CPU
		{1D2C0EB9-A9E5-44B4-BFEF-79F362525476}.Release|Any CPU.ActiveCfg = Release|Any CPU
		{1D2C0EB9-A9E5-44B4-BFEF-79F362525476}.Release|Any CPU.Build.0 = Release|Any CPU
	EndGlobalSection
	GlobalSection(SolutionProperties) = preSolution
		HideSolutionNode = FALSE
	EndGlobalSection
	GlobalSection(ExtensibilityGlobals) = postSolution
		SolutionGuid = {79998905-27A0-45D8-AFF9-5BA6EB71E99F}
	EndGlobalSection
EndGlobal
