
Microsoft Visual Studio Solution File, Format Version 12.00
# Visual Studio Version 16
VisualStudioVersion = 16.0.809.9
MinimumVisualStudioVersion = 10.0.40219.1
Project("{F2A71F9B-5D33-465A-A702-920D77279786}") = "NumberPattern", "NumberPattern\NumberPattern.fsproj", "{1D8E32E5-098A-45B1-A384-9737BEE3D10B}"
EndProject
Global
	GlobalSection(SolutionConfigurationPlatforms) = preSolution
		Debug|Any CPU = Debug|Any CPU
		Release|Any CPU = Release|Any CPU
	EndGlobalSection
	GlobalSection(ProjectConfigurationPlatforms) = postSolution
		{1D8E32E5-098A-45B1-A384-9737BEE3D10B}.Debug|Any CPU.ActiveCfg = Debug|Any CPU
		{1D8E32E5-098A-45B1-A384-9737BEE3D10B}.Debug|Any CPU.Build.0 = Debug|Any CPU
		{1D8E32E5-098A-45B1-A384-9737BEE3D10B}.Release|Any CPU.ActiveCfg = Release|Any CPU
		{1D8E32E5-098A-45B1-A384-9737BEE3D10B}.Release|Any CPU.Build.0 = Release|Any CPU
	EndGlobalSection
	GlobalSection(SolutionProperties) = preSolution
		HideSolutionNode = FALSE
	EndGlobalSection
	GlobalSection(ExtensibilityGlobals) = postSolution
		SolutionGuid = {DD18F827-274A-4F97-93D2-3C374D8BC48D}
	EndGlobalSection
EndGlobal
