
Microsoft Visual Studio Solution File, Format Version 12.00
# Visual Studio Version 16
VisualStudioVersion = 16.0.809.9
MinimumVisualStudioVersion = 10.0.40219.1
Project("{F2A71F9B-5D33-465A-A702-920D77279786}") = "ChessOrnament", "ChessOrnament\ChessOrnament.fsproj", "{4C566742-2C11-41C9-8CEC-8DC188F55ECE}"
EndProject
Global
	GlobalSection(SolutionConfigurationPlatforms) = preSolution
		Debug|Any CPU = Debug|Any CPU
		Release|Any CPU = Release|Any CPU
	EndGlobalSection
	GlobalSection(ProjectConfigurationPlatforms) = postSolution
		{4C566742-2C11-41C9-8CEC-8DC188F55ECE}.Debug|Any CPU.ActiveCfg = Debug|Any CPU
		{4C566742-2C11-41C9-8CEC-8DC188F55ECE}.Debug|Any CPU.Build.0 = Debug|Any CPU
		{4C566742-2C11-41C9-8CEC-8DC188F55ECE}.Release|Any CPU.ActiveCfg = Release|Any CPU
		{4C566742-2C11-41C9-8CEC-8DC188F55ECE}.Release|Any CPU.Build.0 = Release|Any CPU
	EndGlobalSection
	GlobalSection(SolutionProperties) = preSolution
		HideSolutionNode = FALSE
	EndGlobalSection
	GlobalSection(ExtensibilityGlobals) = postSolution
		SolutionGuid = {51121A1F-6FE6-4656-8BB4-DCB365B4FB1E}
	EndGlobalSection
EndGlobal
